// !$*UTF8*$!
{
	archiveVersion = 1;
	classes = {
	};
	objectVersion = 50;
	objects = {

/* Begin PBXBuildFile section */
		2B08CA012232041D007C8E18 /* Shader.cpp in Sources */ = {isa = PBXBuildFile; fileRef = 2B08C9FF2232041D007C8E18 /* Shader.cpp */; };
		2B08CC07223216C0007C8E18 /* 4.1.texture.fs in Resources */ = {isa = PBXBuildFile; fileRef = 2B08CC05223216C0007C8E18 /* 4.1.texture.fs */; };
		2B08CC08223216C0007C8E18 /* 4.1.texture.vs in Resources */ = {isa = PBXBuildFile; fileRef = 2B08CC06223216C0007C8E18 /* 4.1.texture.vs */; };
		2B08CC4522321DAD007C8E18 /* container.jpg in Resources */ = {isa = PBXBuildFile; fileRef = 2B08CC0B22321DAD007C8E18 /* container.jpg */; };
		2B08CC4622321DAD007C8E18 /* metal.png in Resources */ = {isa = PBXBuildFile; fileRef = 2B08CC0C22321DAD007C8E18 /* metal.png */; };
		2B08CC4722321DAD007C8E18 /* toy_box_disp.png in Resources */ = {isa = PBXBuildFile; fileRef = 2B08CC0D22321DAD007C8E18 /* toy_box_disp.png */; };
		2B08CC4822321DAD007C8E18 /* container2_specular.png in Resources */ = {isa = PBXBuildFile; fileRef = 2B08CC0E22321DAD007C8E18 /* container2_specular.png */; };
		2B08CC4922321DAD007C8E18 /* newport_loft.hdr in Resources */ = {isa = PBXBuildFile; fileRef = 2B08CC1022321DAD007C8E18 /* newport_loft.hdr */; };
		2B08CC4A22321DAD007C8E18 /* bricks2_disp.jpg in Resources */ = {isa = PBXBuildFile; fileRef = 2B08CC1122321DAD007C8E18 /* bricks2_disp.jpg */; };
		2B08CC4B22321DAD007C8E18 /* brickwall.jpg in Resources */ = {isa = PBXBuildFile; fileRef = 2B08CC1222321DAD007C8E18 /* brickwall.jpg */; };
		2B08CC4C22321DAD007C8E18 /* toy_box_normal.png in Resources */ = {isa = PBXBuildFile; fileRef = 2B08CC1322321DAD007C8E18 /* toy_box_normal.png */; };
		2B08CC4D22321DAD007C8E18 /* wood.png in Resources */ = {isa = PBXBuildFile; fileRef = 2B08CC1422321DAD007C8E18 /* wood.png */; };
		2B08CC4E22321DAD007C8E18 /* matrix.jpg in Resources */ = {isa = PBXBuildFile; fileRef = 2B08CC1522321DAD007C8E18 /* matrix.jpg */; };
		2B08CC4F22321DAD007C8E18 /* brickwall_normal.jpg in Resources */ = {isa = PBXBuildFile; fileRef = 2B08CC1622321DAD007C8E18 /* brickwall_normal.jpg */; };
		2B08CC5022321DAD007C8E18 /* bricks2_normal.jpg in Resources */ = {isa = PBXBuildFile; fileRef = 2B08CC1722321DAD007C8E18 /* bricks2_normal.jpg */; };
		2B08CC5122321DAD007C8E18 /* grass.png in Resources */ = {isa = PBXBuildFile; fileRef = 2B08CC1822321DAD007C8E18 /* grass.png */; };
		2B08CC5222321DAD007C8E18 /* container2.png in Resources */ = {isa = PBXBuildFile; fileRef = 2B08CC1922321DAD007C8E18 /* container2.png */; };
		2B08CC5322321DAD007C8E18 /* window.png in Resources */ = {isa = PBXBuildFile; fileRef = 2B08CC1A22321DAD007C8E18 /* window.png */; };
		2B08CC5422321DAD007C8E18 /* awesomeface.png in Resources */ = {isa = PBXBuildFile; fileRef = 2B08CC1B22321DAD007C8E18 /* awesomeface.png */; };
		2B08CC5522321DAD007C8E18 /* bottom.jpg in Resources */ = {isa = PBXBuildFile; fileRef = 2B08CC1D22321DAD007C8E18 /* bottom.jpg */; };
		2B08CC5622321DAD007C8E18 /* left.jpg in Resources */ = {isa = PBXBuildFile; fileRef = 2B08CC1E22321DAD007C8E18 /* left.jpg */; };
		2B08CC5722321DAE007C8E18 /* top.jpg in Resources */ = {isa = PBXBuildFile; fileRef = 2B08CC1F22321DAD007C8E18 /* top.jpg */; };
		2B08CC5822321DAE007C8E18 /* back.jpg in Resources */ = {isa = PBXBuildFile; fileRef = 2B08CC2022321DAD007C8E18 /* back.jpg */; };
		2B08CC5922321DAE007C8E18 /* right.jpg in Resources */ = {isa = PBXBuildFile; fileRef = 2B08CC2122321DAD007C8E18 /* right.jpg */; };
		2B08CC5A22321DAE007C8E18 /* front.jpg in Resources */ = {isa = PBXBuildFile; fileRef = 2B08CC2222321DAD007C8E18 /* front.jpg */; };
		2B08CC5B22321DAE007C8E18 /* bricks2.jpg in Resources */ = {isa = PBXBuildFile; fileRef = 2B08CC2322321DAD007C8E18 /* bricks2.jpg */; };
		2B08CC5C22321DAE007C8E18 /* marble.jpg in Resources */ = {isa = PBXBuildFile; fileRef = 2B08CC2422321DAD007C8E18 /* marble.jpg */; };
		2B08CC5D22321DAE007C8E18 /* toy_box_diffuse.png in Resources */ = {isa = PBXBuildFile; fileRef = 2B08CC2522321DAD007C8E18 /* toy_box_diffuse.png */; };
		2B08CC8122325640007C8E18 /* stb_image.cpp in Sources */ = {isa = PBXBuildFile; fileRef = 2B08CC8022325640007C8E18 /* stb_image.cpp */; };
		2B0CCF5B22360A2A0091595E /* 4.2.texture.fs in Resources */ = {isa = PBXBuildFile; fileRef = 2B0CCF5922360A2A0091595E /* 4.2.texture.fs */; };
		2B0CCF5C22360A2A0091595E /* 4.2.texture.vs in Resources */ = {isa = PBXBuildFile; fileRef = 2B0CCF5A22360A2A0091595E /* 4.2.texture.vs */; };
		2B0CCF64223635400091595E /* timg.jpeg in Resources */ = {isa = PBXBuildFile; fileRef = 2B0CCF63223635400091595E /* timg.jpeg */; };
		2B0CCF6822363E220091595E /* 5.1.transform.vs in Resources */ = {isa = PBXBuildFile; fileRef = 2B0CCF6622363E220091595E /* 5.1.transform.vs */; };
		2B0CCF6922363E220091595E /* 5.1.transform.fs in Resources */ = {isa = PBXBuildFile; fileRef = 2B0CCF6722363E220091595E /* 5.1.transform.fs */; };
		2B0CCF6F22379FD60091595E /* for_test.jpg in Resources */ = {isa = PBXBuildFile; fileRef = 2B0CCF6E22379FD60091595E /* for_test.jpg */; };
		2B0CCF762237ACF20091595E /* 6.1.coordinate_systems.fs in Resources */ = {isa = PBXBuildFile; fileRef = 2B0CCF742237ACF20091595E /* 6.1.coordinate_systems.fs */; };
		2B0CCF772237ACF20091595E /* 6.1.coordinate_systems.vs in Resources */ = {isa = PBXBuildFile; fileRef = 2B0CCF752237ACF20091595E /* 6.1.coordinate_systems.vs */; };
		2B0CCF7B2237C1210091595E /* 6.2.coordinate_systems.fs in Resources */ = {isa = PBXBuildFile; fileRef = 2B0CCF792237C1210091595E /* 6.2.coordinate_systems.fs */; };
		2B0CCF7C2237C1210091595E /* 6.2.coordinate_systems.vs in Resources */ = {isa = PBXBuildFile; fileRef = 2B0CCF7A2237C1210091595E /* 6.2.coordinate_systems.vs */; };
		2B0CCF7E2237C13D0091595E /* coordinate_systems_depth.cpp in Sources */ = {isa = PBXBuildFile; fileRef = 2B0CCF7D2237C13D0091595E /* coordinate_systems_depth.cpp */; };
		CD0333642227E10F0081B439 /* AppDelegate.mm in Sources */ = {isa = PBXBuildFile; fileRef = CD0333632227E10F0081B439 /* AppDelegate.mm */; };
		CD0333672227E10F0081B439 /* ViewController.mm in Sources */ = {isa = PBXBuildFile; fileRef = CD0333662227E10F0081B439 /* ViewController.mm */; };
		CD03336A2227E10F0081B439 /* Main.storyboard in Resources */ = {isa = PBXBuildFile; fileRef = CD0333682227E10F0081B439 /* Main.storyboard */; };
		CD03336C2227E1140081B439 /* Assets.xcassets in Resources */ = {isa = PBXBuildFile; fileRef = CD03336B2227E1140081B439 /* Assets.xcassets */; };
		CD03336F2227E1140081B439 /* LaunchScreen.storyboard in Resources */ = {isa = PBXBuildFile; fileRef = CD03336D2227E1140081B439 /* LaunchScreen.storyboard */; };
		CD0333722227E1140081B439 /* main.m in Sources */ = {isa = PBXBuildFile; fileRef = CD0333712227E1140081B439 /* main.m */; };
		CD03337C2227E1140081B439 /* TextureTests.m in Sources */ = {isa = PBXBuildFile; fileRef = CD03337B2227E1140081B439 /* TextureTests.m */; };
		CD0333872227E1140081B439 /* TextureUITests.m in Sources */ = {isa = PBXBuildFile; fileRef = CD0333862227E1140081B439 /* TextureUITests.m */; };
		CD03339A2227E1450081B439 /* esUtil.cpp in Sources */ = {isa = PBXBuildFile; fileRef = CD0333972227E1450081B439 /* esUtil.cpp */; };
		CD03339C2227E1450081B439 /* FileWrapper.cpp in Sources */ = {isa = PBXBuildFile; fileRef = CD0333992227E1450081B439 /* FileWrapper.cpp */; };
		CD0333A12227E1E60081B439 /* OpenGLES.framework in Frameworks */ = {isa = PBXBuildFile; fileRef = CD0333A02227E1E60081B439 /* OpenGLES.framework */; };
		CD0333A32227E2010081B439 /* CoreGraphics.framework in Frameworks */ = {isa = PBXBuildFile; fileRef = CD0333A22227E2010081B439 /* CoreGraphics.framework */; };
		CD0333A52227E20A0081B439 /* GLKit.framework in Frameworks */ = {isa = PBXBuildFile; fileRef = CD0333A42227E2090081B439 /* GLKit.framework */; };
		CD0333A72227E2120081B439 /* CoreFoundation.framework in Frameworks */ = {isa = PBXBuildFile; fileRef = CD0333A62227E2120081B439 /* CoreFoundation.framework */; };
		CD0333A92227E2190081B439 /* UIKit.framework in Frameworks */ = {isa = PBXBuildFile; fileRef = CD0333A82227E2190081B439 /* UIKit.framework */; };
		CD0333AB2227E22D0081B439 /* Foundation.framework in Frameworks */ = {isa = PBXBuildFile; fileRef = CD0333AA2227E22D0081B439 /* Foundation.framework */; };
		CD0333AF2227E45C0081B439 /* TexturesView.mm in Sources */ = {isa = PBXBuildFile; fileRef = CD0333AE2227E45C0081B439 /* TexturesView.mm */; };
/* End PBXBuildFile section */

/* Begin PBXContainerItemProxy section */
		CD0333782227E1140081B439 /* PBXContainerItemProxy */ = {
			isa = PBXContainerItemProxy;
			containerPortal = CD0333572227E10F0081B439 /* Project object */;
			proxyType = 1;
			remoteGlobalIDString = CD03335E2227E10F0081B439;
			remoteInfo = Texture;
		};
		CD0333832227E1140081B439 /* PBXContainerItemProxy */ = {
			isa = PBXContainerItemProxy;
			containerPortal = CD0333572227E10F0081B439 /* Project object */;
			proxyType = 1;
			remoteGlobalIDString = CD03335E2227E10F0081B439;
			remoteInfo = Texture;
		};
/* End PBXContainerItemProxy section */

/* Begin PBXFileReference section */
		2B08C9FF2232041D007C8E18 /* Shader.cpp */ = {isa = PBXFileReference; fileEncoding = 4; lastKnownFileType = sourcecode.cpp.cpp; path = Shader.cpp; sourceTree = "<group>"; };
		2B08CA002232041D007C8E18 /* Shader.hpp */ = {isa = PBXFileReference; fileEncoding = 4; lastKnownFileType = sourcecode.cpp.h; path = Shader.hpp; sourceTree = "<group>"; };
		2B08CC02223211FD007C8E18 /* texture.cpp */ = {isa = PBXFileReference; lastKnownFileType = sourcecode.cpp.cpp; path = texture.cpp; sourceTree = "<group>"; };
		2B08CC05223216C0007C8E18 /* 4.1.texture.fs */ = {isa = PBXFileReference; fileEncoding = 4; lastKnownFileType = sourcecode.glsl; path = 4.1.texture.fs; sourceTree = "<group>"; };
		2B08CC06223216C0007C8E18 /* 4.1.texture.vs */ = {isa = PBXFileReference; fileEncoding = 4; lastKnownFileType = sourcecode.glsl; path = 4.1.texture.vs; sourceTree = "<group>"; };
		2B08CC0B22321DAD007C8E18 /* container.jpg */ = {isa = PBXFileReference; lastKnownFileType = image.jpeg; path = container.jpg; sourceTree = "<group>"; };
		2B08CC0C22321DAD007C8E18 /* metal.png */ = {isa = PBXFileReference; lastKnownFileType = image.png; path = metal.png; sourceTree = "<group>"; };
		2B08CC0D22321DAD007C8E18 /* toy_box_disp.png */ = {isa = PBXFileReference; lastKnownFileType = image.png; path = toy_box_disp.png; sourceTree = "<group>"; };
		2B08CC0E22321DAD007C8E18 /* container2_specular.png */ = {isa = PBXFileReference; lastKnownFileType = image.png; path = container2_specular.png; sourceTree = "<group>"; };
		2B08CC1022321DAD007C8E18 /* newport_loft.hdr */ = {isa = PBXFileReference; lastKnownFileType = file; path = newport_loft.hdr; sourceTree = "<group>"; };
		2B08CC1122321DAD007C8E18 /* bricks2_disp.jpg */ = {isa = PBXFileReference; lastKnownFileType = image.jpeg; path = bricks2_disp.jpg; sourceTree = "<group>"; };
		2B08CC1222321DAD007C8E18 /* brickwall.jpg */ = {isa = PBXFileReference; lastKnownFileType = image.jpeg; path = brickwall.jpg; sourceTree = "<group>"; };
		2B08CC1322321DAD007C8E18 /* toy_box_normal.png */ = {isa = PBXFileReference; lastKnownFileType = image.png; path = toy_box_normal.png; sourceTree = "<group>"; };
		2B08CC1422321DAD007C8E18 /* wood.png */ = {isa = PBXFileReference; lastKnownFileType = image.png; path = wood.png; sourceTree = "<group>"; };
		2B08CC1522321DAD007C8E18 /* matrix.jpg */ = {isa = PBXFileReference; lastKnownFileType = image.jpeg; path = matrix.jpg; sourceTree = "<group>"; };
		2B08CC1622321DAD007C8E18 /* brickwall_normal.jpg */ = {isa = PBXFileReference; lastKnownFileType = image.jpeg; path = brickwall_normal.jpg; sourceTree = "<group>"; };
		2B08CC1722321DAD007C8E18 /* bricks2_normal.jpg */ = {isa = PBXFileReference; lastKnownFileType = image.jpeg; path = bricks2_normal.jpg; sourceTree = "<group>"; };
		2B08CC1822321DAD007C8E18 /* grass.png */ = {isa = PBXFileReference; lastKnownFileType = image.png; path = grass.png; sourceTree = "<group>"; };
		2B08CC1922321DAD007C8E18 /* container2.png */ = {isa = PBXFileReference; lastKnownFileType = image.png; path = container2.png; sourceTree = "<group>"; };
		2B08CC1A22321DAD007C8E18 /* window.png */ = {isa = PBXFileReference; lastKnownFileType = image.png; path = window.png; sourceTree = "<group>"; };
		2B08CC1B22321DAD007C8E18 /* awesomeface.png */ = {isa = PBXFileReference; lastKnownFileType = image.png; path = awesomeface.png; sourceTree = "<group>"; };
		2B08CC1D22321DAD007C8E18 /* bottom.jpg */ = {isa = PBXFileReference; lastKnownFileType = image.jpeg; path = bottom.jpg; sourceTree = "<group>"; };
		2B08CC1E22321DAD007C8E18 /* left.jpg */ = {isa = PBXFileReference; lastKnownFileType = image.jpeg; path = left.jpg; sourceTree = "<group>"; };
		2B08CC1F22321DAD007C8E18 /* top.jpg */ = {isa = PBXFileReference; lastKnownFileType = image.jpeg; path = top.jpg; sourceTree = "<group>"; };
		2B08CC2022321DAD007C8E18 /* back.jpg */ = {isa = PBXFileReference; lastKnownFileType = image.jpeg; path = back.jpg; sourceTree = "<group>"; };
		2B08CC2122321DAD007C8E18 /* right.jpg */ = {isa = PBXFileReference; lastKnownFileType = image.jpeg; path = right.jpg; sourceTree = "<group>"; };
		2B08CC2222321DAD007C8E18 /* front.jpg */ = {isa = PBXFileReference; lastKnownFileType = image.jpeg; path = front.jpg; sourceTree = "<group>"; };
		2B08CC2322321DAD007C8E18 /* bricks2.jpg */ = {isa = PBXFileReference; lastKnownFileType = image.jpeg; path = bricks2.jpg; sourceTree = "<group>"; };
		2B08CC2422321DAD007C8E18 /* marble.jpg */ = {isa = PBXFileReference; lastKnownFileType = image.jpeg; path = marble.jpg; sourceTree = "<group>"; };
		2B08CC2522321DAD007C8E18 /* toy_box_diffuse.png */ = {isa = PBXFileReference; lastKnownFileType = image.png; path = toy_box_diffuse.png; sourceTree = "<group>"; };
		2B08CC7F22325640007C8E18 /* stb_image.h */ = {isa = PBXFileReference; fileEncoding = 4; lastKnownFileType = sourcecode.c.h; path = stb_image.h; sourceTree = "<group>"; };
		2B08CC8022325640007C8E18 /* stb_image.cpp */ = {isa = PBXFileReference; fileEncoding = 4; lastKnownFileType = sourcecode.cpp.cpp; path = stb_image.cpp; sourceTree = "<group>"; };
		2B0CCF5922360A2A0091595E /* 4.2.texture.fs */ = {isa = PBXFileReference; fileEncoding = 4; lastKnownFileType = sourcecode.glsl; path = 4.2.texture.fs; sourceTree = "<group>"; };
		2B0CCF5A22360A2A0091595E /* 4.2.texture.vs */ = {isa = PBXFileReference; fileEncoding = 4; lastKnownFileType = sourcecode.glsl; path = 4.2.texture.vs; sourceTree = "<group>"; };
		2B0CCF6122360B310091595E /* texture_combined.cpp */ = {isa = PBXFileReference; fileEncoding = 4; lastKnownFileType = sourcecode.cpp.cpp; path = texture_combined.cpp; sourceTree = "<group>"; };
		2B0CCF63223635400091595E /* timg.jpeg */ = {isa = PBXFileReference; lastKnownFileType = image.jpeg; path = timg.jpeg; sourceTree = "<group>"; };
		2B0CCF6622363E220091595E /* 5.1.transform.vs */ = {isa = PBXFileReference; fileEncoding = 4; lastKnownFileType = sourcecode.glsl; path = 5.1.transform.vs; sourceTree = "<group>"; };
		2B0CCF6722363E220091595E /* 5.1.transform.fs */ = {isa = PBXFileReference; fileEncoding = 4; lastKnownFileType = sourcecode.glsl; path = 5.1.transform.fs; sourceTree = "<group>"; };
		2B0CCF6B22363E870091595E /* transformations.cpp */ = {isa = PBXFileReference; fileEncoding = 4; lastKnownFileType = sourcecode.cpp.cpp; path = transformations.cpp; sourceTree = "<group>"; };
		2B0CCF6E22379FD60091595E /* for_test.jpg */ = {isa = PBXFileReference; lastKnownFileType = image.jpeg; path = for_test.jpg; sourceTree = "<group>"; };
		2B0CCF722237A9F90091595E /* coordinate_systems.cpp */ = {isa = PBXFileReference; fileEncoding = 4; lastKnownFileType = sourcecode.cpp.cpp; path = coordinate_systems.cpp; sourceTree = "<group>"; };
		2B0CCF742237ACF20091595E /* 6.1.coordinate_systems.fs */ = {isa = PBXFileReference; fileEncoding = 4; lastKnownFileType = sourcecode.glsl; path = 6.1.coordinate_systems.fs; sourceTree = "<group>"; };
		2B0CCF752237ACF20091595E /* 6.1.coordinate_systems.vs */ = {isa = PBXFileReference; fileEncoding = 4; lastKnownFileType = sourcecode.glsl; path = 6.1.coordinate_systems.vs; sourceTree = "<group>"; };
		2B0CCF792237C1210091595E /* 6.2.coordinate_systems.fs */ = {isa = PBXFileReference; fileEncoding = 4; lastKnownFileType = sourcecode.glsl; path = 6.2.coordinate_systems.fs; sourceTree = "<group>"; };
		2B0CCF7A2237C1210091595E /* 6.2.coordinate_systems.vs */ = {isa = PBXFileReference; fileEncoding = 4; lastKnownFileType = sourcecode.glsl; path = 6.2.coordinate_systems.vs; sourceTree = "<group>"; };
		2B0CCF7D2237C13D0091595E /* coordinate_systems_depth.cpp */ = {isa = PBXFileReference; fileEncoding = 4; lastKnownFileType = sourcecode.cpp.cpp; path = coordinate_systems_depth.cpp; sourceTree = "<group>"; };
		CD03335F2227E10F0081B439 /* Texture.app */ = {isa = PBXFileReference; explicitFileType = wrapper.application; includeInIndex = 0; path = Texture.app; sourceTree = BUILT_PRODUCTS_DIR; };
		CD0333622227E10F0081B439 /* AppDelegate.h */ = {isa = PBXFileReference; lastKnownFileType = sourcecode.c.h; path = AppDelegate.h; sourceTree = "<group>"; };
		CD0333632227E10F0081B439 /* AppDelegate.mm */ = {isa = PBXFileReference; lastKnownFileType = sourcecode.cpp.objcpp; path = AppDelegate.mm; sourceTree = "<group>"; };
		CD0333652227E10F0081B439 /* ViewController.h */ = {isa = PBXFileReference; lastKnownFileType = sourcecode.c.h; path = ViewController.h; sourceTree = "<group>"; };
		CD0333662227E10F0081B439 /* ViewController.mm */ = {isa = PBXFileReference; lastKnownFileType = sourcecode.cpp.objcpp; path = ViewController.mm; sourceTree = "<group>"; };
		CD0333692227E10F0081B439 /* Base */ = {isa = PBXFileReference; lastKnownFileType = file.storyboard; name = Base; path = Base.lproj/Main.storyboard; sourceTree = "<group>"; };
		CD03336B2227E1140081B439 /* Assets.xcassets */ = {isa = PBXFileReference; lastKnownFileType = folder.assetcatalog; path = Assets.xcassets; sourceTree = "<group>"; };
		CD03336E2227E1140081B439 /* Base */ = {isa = PBXFileReference; lastKnownFileType = file.storyboard; name = Base; path = Base.lproj/LaunchScreen.storyboard; sourceTree = "<group>"; };
		CD0333702227E1140081B439 /* Info.plist */ = {isa = PBXFileReference; lastKnownFileType = text.plist.xml; path = Info.plist; sourceTree = "<group>"; };
		CD0333712227E1140081B439 /* main.m */ = {isa = PBXFileReference; lastKnownFileType = sourcecode.c.objc; path = main.m; sourceTree = "<group>"; };
		CD0333772227E1140081B439 /* TextureTests.xctest */ = {isa = PBXFileReference; explicitFileType = wrapper.cfbundle; includeInIndex = 0; path = TextureTests.xctest; sourceTree = BUILT_PRODUCTS_DIR; };
		CD03337B2227E1140081B439 /* TextureTests.m */ = {isa = PBXFileReference; lastKnownFileType = sourcecode.c.objc; path = TextureTests.m; sourceTree = "<group>"; };
		CD03337D2227E1140081B439 /* Info.plist */ = {isa = PBXFileReference; lastKnownFileType = text.plist.xml; path = Info.plist; sourceTree = "<group>"; };
		CD0333822227E1140081B439 /* TextureUITests.xctest */ = {isa = PBXFileReference; explicitFileType = wrapper.cfbundle; includeInIndex = 0; path = TextureUITests.xctest; sourceTree = BUILT_PRODUCTS_DIR; };
		CD0333862227E1140081B439 /* TextureUITests.m */ = {isa = PBXFileReference; lastKnownFileType = sourcecode.c.objc; path = TextureUITests.m; sourceTree = "<group>"; };
		CD0333882227E1140081B439 /* Info.plist */ = {isa = PBXFileReference; lastKnownFileType = text.plist.xml; path = Info.plist; sourceTree = "<group>"; };
		CD0333952227E1450081B439 /* esUtil.hpp */ = {isa = PBXFileReference; fileEncoding = 4; lastKnownFileType = sourcecode.cpp.h; path = esUtil.hpp; sourceTree = "<group>"; };
		CD0333962227E1450081B439 /* FileWrapper.hpp */ = {isa = PBXFileReference; fileEncoding = 4; lastKnownFileType = sourcecode.cpp.h; path = FileWrapper.hpp; sourceTree = "<group>"; };
		CD0333972227E1450081B439 /* esUtil.cpp */ = {isa = PBXFileReference; fileEncoding = 4; lastKnownFileType = sourcecode.cpp.cpp; path = esUtil.cpp; sourceTree = "<group>"; };
		CD0333992227E1450081B439 /* FileWrapper.cpp */ = {isa = PBXFileReference; fileEncoding = 4; lastKnownFileType = sourcecode.cpp.cpp; path = FileWrapper.cpp; sourceTree = "<group>"; };
		CD03339E2227E1D40081B439 /* libglfw3.a */ = {isa = PBXFileReference; lastKnownFileType = archive.ar; name = libglfw3.a; path = "../../../../../../c library/glfw_build/src/libglfw3.a"; sourceTree = "<group>"; };
		CD0333A02227E1E60081B439 /* OpenGLES.framework */ = {isa = PBXFileReference; lastKnownFileType = wrapper.framework; name = OpenGLES.framework; path = System/Library/Frameworks/OpenGLES.framework; sourceTree = SDKROOT; };
		CD0333A22227E2010081B439 /* CoreGraphics.framework */ = {isa = PBXFileReference; lastKnownFileType = wrapper.framework; name = CoreGraphics.framework; path = System/Library/Frameworks/CoreGraphics.framework; sourceTree = SDKROOT; };
		CD0333A42227E2090081B439 /* GLKit.framework */ = {isa = PBXFileReference; lastKnownFileType = wrapper.framework; name = GLKit.framework; path = System/Library/Frameworks/GLKit.framework; sourceTree = SDKROOT; };
		CD0333A62227E2120081B439 /* CoreFoundation.framework */ = {isa = PBXFileReference; lastKnownFileType = wrapper.framework; name = CoreFoundation.framework; path = System/Library/Frameworks/CoreFoundation.framework; sourceTree = SDKROOT; };
		CD0333A82227E2190081B439 /* UIKit.framework */ = {isa = PBXFileReference; lastKnownFileType = wrapper.framework; name = UIKit.framework; path = System/Library/Frameworks/UIKit.framework; sourceTree = SDKROOT; };
		CD0333AA2227E22D0081B439 /* Foundation.framework */ = {isa = PBXFileReference; lastKnownFileType = wrapper.framework; name = Foundation.framework; path = System/Library/Frameworks/Foundation.framework; sourceTree = SDKROOT; };
		CD0333AD2227E45C0081B439 /* TexturesView.h */ = {isa = PBXFileReference; lastKnownFileType = sourcecode.c.h; path = TexturesView.h; sourceTree = "<group>"; };
		CD0333AE2227E45C0081B439 /* TexturesView.mm */ = {isa = PBXFileReference; lastKnownFileType = sourcecode.cpp.objcpp; path = TexturesView.mm; sourceTree = "<group>"; };
/* End PBXFileReference section */

/* Begin PBXFrameworksBuildPhase section */
		CD03335C2227E10F0081B439 /* Frameworks */ = {
			isa = PBXFrameworksBuildPhase;
			buildActionMask = 2147483647;
			files = (
				CD0333AB2227E22D0081B439 /* Foundation.framework in Frameworks */,
				CD0333A92227E2190081B439 /* UIKit.framework in Frameworks */,
				CD0333A72227E2120081B439 /* CoreFoundation.framework in Frameworks */,
				CD0333A52227E20A0081B439 /* GLKit.framework in Frameworks */,
				CD0333A32227E2010081B439 /* CoreGraphics.framework in Frameworks */,
				CD0333A12227E1E60081B439 /* OpenGLES.framework in Frameworks */,
			);
			runOnlyForDeploymentPostprocessing = 0;
		};
		CD0333742227E1140081B439 /* Frameworks */ = {
			isa = PBXFrameworksBuildPhase;
			buildActionMask = 2147483647;
			files = (
			);
			runOnlyForDeploymentPostprocessing = 0;
		};
		CD03337F2227E1140081B439 /* Frameworks */ = {
			isa = PBXFrameworksBuildPhase;
			buildActionMask = 2147483647;
			files = (
			);
			runOnlyForDeploymentPostprocessing = 0;
		};
/* End PBXFrameworksBuildPhase section */

/* Begin PBXGroup section */
		2B08CC04223215D4007C8E18 /* Shader */ = {
			isa = PBXGroup;
			children = (
				2B0CCF6522363DF10091595E /* 5.1.transformations */,
				2B0CCF5E22360A790091595E /* texture */,
				2B0CCF5D22360A640091595E /* texture_combined */,
			);
			path = Shader;
			sourceTree = "<group>";
		};
		2B08CC0A22321DAD007C8E18 /* resource */ = {
			isa = PBXGroup;
			children = (
				2B0CCF63223635400091595E /* timg.jpeg */,
				2B08CC0B22321DAD007C8E18 /* container.jpg */,
				2B0CCF6E22379FD60091595E /* for_test.jpg */,
				2B08CC0C22321DAD007C8E18 /* metal.png */,
				2B08CC0D22321DAD007C8E18 /* toy_box_disp.png */,
				2B08CC0E22321DAD007C8E18 /* container2_specular.png */,
				2B08CC0F22321DAD007C8E18 /* hdr */,
				2B08CC1122321DAD007C8E18 /* bricks2_disp.jpg */,
				2B08CC1222321DAD007C8E18 /* brickwall.jpg */,
				2B08CC1322321DAD007C8E18 /* toy_box_normal.png */,
				2B08CC1422321DAD007C8E18 /* wood.png */,
				2B08CC1522321DAD007C8E18 /* matrix.jpg */,
				2B08CC1622321DAD007C8E18 /* brickwall_normal.jpg */,
				2B08CC1722321DAD007C8E18 /* bricks2_normal.jpg */,
				2B08CC1822321DAD007C8E18 /* grass.png */,
				2B08CC1922321DAD007C8E18 /* container2.png */,
				2B08CC1A22321DAD007C8E18 /* window.png */,
				2B08CC1B22321DAD007C8E18 /* awesomeface.png */,
				2B08CC1C22321DAD007C8E18 /* skybox */,
				2B08CC2322321DAD007C8E18 /* bricks2.jpg */,
				2B08CC2422321DAD007C8E18 /* marble.jpg */,
				2B08CC2522321DAD007C8E18 /* toy_box_diffuse.png */,
			);
			path = resource;
			sourceTree = "<group>";
		};
		2B08CC0F22321DAD007C8E18 /* hdr */ = {
			isa = PBXGroup;
			children = (
				2B08CC1022321DAD007C8E18 /* newport_loft.hdr */,
			);
			path = hdr;
			sourceTree = "<group>";
		};
		2B08CC1C22321DAD007C8E18 /* skybox */ = {
			isa = PBXGroup;
			children = (
				2B08CC1D22321DAD007C8E18 /* bottom.jpg */,
				2B08CC1E22321DAD007C8E18 /* left.jpg */,
				2B08CC1F22321DAD007C8E18 /* top.jpg */,
				2B08CC2022321DAD007C8E18 /* back.jpg */,
				2B08CC2122321DAD007C8E18 /* right.jpg */,
				2B08CC2222321DAD007C8E18 /* front.jpg */,
			);
			path = skybox;
			sourceTree = "<group>";
		};
		2B08CC7E22325640007C8E18 /* StbImage */ = {
			isa = PBXGroup;
			children = (
				2B08CC7F22325640007C8E18 /* stb_image.h */,
				2B08CC8022325640007C8E18 /* stb_image.cpp */,
			);
			path = StbImage;
			sourceTree = "<group>";
		};
		2B0CCF5D22360A640091595E /* texture_combined */ = {
			isa = PBXGroup;
			children = (
				2B0CCF5922360A2A0091595E /* 4.2.texture.fs */,
				2B0CCF5A22360A2A0091595E /* 4.2.texture.vs */,
			);
			path = texture_combined;
			sourceTree = "<group>";
		};
		2B0CCF5E22360A790091595E /* texture */ = {
			isa = PBXGroup;
			children = (
				2B08CC05223216C0007C8E18 /* 4.1.texture.fs */,
				2B08CC06223216C0007C8E18 /* 4.1.texture.vs */,
			);
			path = texture;
			sourceTree = "<group>";
		};
		2B0CCF6522363DF10091595E /* 5.1.transformations */ = {
			isa = PBXGroup;
			children = (
				2B0CCF6722363E220091595E /* 5.1.transform.fs */,
				2B0CCF6622363E220091595E /* 5.1.transform.vs */,
			);
			path = 5.1.transformations;
			sourceTree = "<group>";
		};
		2B0CCF6A22363E5D0091595E /* 5.1.transformations */ = {
			isa = PBXGroup;
			children = (
				2B0CCF6B22363E870091595E /* transformations.cpp */,
			);
			path = 5.1.transformations;
			sourceTree = "<group>";
		};
		2B0CCF702237A9470091595E /* 4.1.texture */ = {
			isa = PBXGroup;
			children = (
				2B08CC02223211FD007C8E18 /* texture.cpp */,
				2B0CCF6122360B310091595E /* texture_combined.cpp */,
			);
			path = 4.1.texture;
			sourceTree = "<group>";
		};
		2B0CCF712237A9C90091595E /* 6.1.coordinate */ = {
			isa = PBXGroup;
			children = (
				2B0CCF782237C1060091595E /* GLSL */,
				2B0CCF722237A9F90091595E /* coordinate_systems.cpp */,
				2B0CCF7D2237C13D0091595E /* coordinate_systems_depth.cpp */,
			);
			path = 6.1.coordinate;
			sourceTree = "<group>";
		};
		2B0CCF782237C1060091595E /* GLSL */ = {
			isa = PBXGroup;
			children = (
				2B0CCF792237C1210091595E /* 6.2.coordinate_systems.fs */,
				2B0CCF7A2237C1210091595E /* 6.2.coordinate_systems.vs */,
				2B0CCF742237ACF20091595E /* 6.1.coordinate_systems.fs */,
				2B0CCF752237ACF20091595E /* 6.1.coordinate_systems.vs */,
			);
			path = GLSL;
			sourceTree = "<group>";
		};
		CD0333562227E10F0081B439 = {
			isa = PBXGroup;
			children = (
				CD0333612227E10F0081B439 /* Texture */,
				CD03337A2227E1140081B439 /* TextureTests */,
				CD0333852227E1140081B439 /* TextureUITests */,
				CD0333602227E10F0081B439 /* Products */,
				CD03339D2227E1D40081B439 /* Frameworks */,
			);
			sourceTree = "<group>";
		};
		CD0333602227E10F0081B439 /* Products */ = {
			isa = PBXGroup;
			children = (
				CD03335F2227E10F0081B439 /* Texture.app */,
				CD0333772227E1140081B439 /* TextureTests.xctest */,
				CD0333822227E1140081B439 /* TextureUITests.xctest */,
			);
			name = Products;
			sourceTree = "<group>";
		};
		CD0333612227E10F0081B439 /* Texture */ = {
			isa = PBXGroup;
			children = (
				2B0CCF712237A9C90091595E /* 6.1.coordinate */,
				2B0CCF6A22363E5D0091595E /* 5.1.transformations */,
				2B0CCF702237A9470091595E /* 4.1.texture */,
				2B08CC7E22325640007C8E18 /* StbImage */,
				CD0333942227E1450081B439 /* Util */,
				2B08CC0A22321DAD007C8E18 /* resource */,
				2B08CC04223215D4007C8E18 /* Shader */,
				CD0333622227E10F0081B439 /* AppDelegate.h */,
				CD0333632227E10F0081B439 /* AppDelegate.mm */,
				CD0333AD2227E45C0081B439 /* TexturesView.h */,
				CD0333AE2227E45C0081B439 /* TexturesView.mm */,
				CD0333652227E10F0081B439 /* ViewController.h */,
				CD0333662227E10F0081B439 /* ViewController.mm */,
				CD0333682227E10F0081B439 /* Main.storyboard */,
				CD03336B2227E1140081B439 /* Assets.xcassets */,
				CD03336D2227E1140081B439 /* LaunchScreen.storyboard */,
				CD0333702227E1140081B439 /* Info.plist */,
				CD0333712227E1140081B439 /* main.m */,
			);
			path = Texture;
			sourceTree = "<group>";
		};
		CD03337A2227E1140081B439 /* TextureTests */ = {
			isa = PBXGroup;
			children = (
				CD03337B2227E1140081B439 /* TextureTests.m */,
				CD03337D2227E1140081B439 /* Info.plist */,
			);
			path = TextureTests;
			sourceTree = "<group>";
		};
		CD0333852227E1140081B439 /* TextureUITests */ = {
			isa = PBXGroup;
			children = (
				CD0333862227E1140081B439 /* TextureUITests.m */,
				CD0333882227E1140081B439 /* Info.plist */,
			);
			path = TextureUITests;
			sourceTree = "<group>";
		};
		CD0333942227E1450081B439 /* Util */ = {
			isa = PBXGroup;
			children = (
				2B08CA002232041D007C8E18 /* Shader.hpp */,
				2B08C9FF2232041D007C8E18 /* Shader.cpp */,
				CD0333952227E1450081B439 /* esUtil.hpp */,
				CD0333972227E1450081B439 /* esUtil.cpp */,
				CD0333962227E1450081B439 /* FileWrapper.hpp */,
				CD0333992227E1450081B439 /* FileWrapper.cpp */,
			);
			path = Util;
			sourceTree = "<group>";
		};
		CD03339D2227E1D40081B439 /* Frameworks */ = {
			isa = PBXGroup;
			children = (
				CD0333AA2227E22D0081B439 /* Foundation.framework */,
				CD0333A82227E2190081B439 /* UIKit.framework */,
				CD0333A62227E2120081B439 /* CoreFoundation.framework */,
				CD0333A42227E2090081B439 /* GLKit.framework */,
				CD0333A22227E2010081B439 /* CoreGraphics.framework */,
				CD0333A02227E1E60081B439 /* OpenGLES.framework */,
				CD03339E2227E1D40081B439 /* libglfw3.a */,
			);
			name = Frameworks;
			sourceTree = "<group>";
		};
/* End PBXGroup section */

/* Begin PBXNativeTarget section */
		CD03335E2227E10F0081B439 /* Texture */ = {
			isa = PBXNativeTarget;
			buildConfigurationList = CD03338B2227E1140081B439 /* Build configuration list for PBXNativeTarget "Texture" */;
			buildPhases = (
				CD03335B2227E10F0081B439 /* Sources */,
				CD03335C2227E10F0081B439 /* Frameworks */,
				CD03335D2227E10F0081B439 /* Resources */,
			);
			buildRules = (
			);
			dependencies = (
			);
			name = Texture;
			productName = Texture;
			productReference = CD03335F2227E10F0081B439 /* Texture.app */;
			productType = "com.apple.product-type.application";
		};
		CD0333762227E1140081B439 /* TextureTests */ = {
			isa = PBXNativeTarget;
			buildConfigurationList = CD03338E2227E1140081B439 /* Build configuration list for PBXNativeTarget "TextureTests" */;
			buildPhases = (
				CD0333732227E1140081B439 /* Sources */,
				CD0333742227E1140081B439 /* Frameworks */,
				CD0333752227E1140081B439 /* Resources */,
			);
			buildRules = (
			);
			dependencies = (
				CD0333792227E1140081B439 /* PBXTargetDependency */,
			);
			name = TextureTests;
			productName = TextureTests;
			productReference = CD0333772227E1140081B439 /* TextureTests.xctest */;
			productType = "com.apple.product-type.bundle.unit-test";
		};
		CD0333812227E1140081B439 /* TextureUITests */ = {
			isa = PBXNativeTarget;
			buildConfigurationList = CD0333912227E1140081B439 /* Build configuration list for PBXNativeTarget "TextureUITests" */;
			buildPhases = (
				CD03337E2227E1140081B439 /* Sources */,
				CD03337F2227E1140081B439 /* Frameworks */,
				CD0333802227E1140081B439 /* Resources */,
			);
			buildRules = (
			);
			dependencies = (
				CD0333842227E1140081B439 /* PBXTargetDependency */,
			);
			name = TextureUITests;
			productName = TextureUITests;
			productReference = CD0333822227E1140081B439 /* TextureUITests.xctest */;
			productType = "com.apple.product-type.bundle.ui-testing";
		};
/* End PBXNativeTarget section */

/* Begin PBXProject section */
		CD0333572227E10F0081B439 /* Project object */ = {
			isa = PBXProject;
			attributes = {
				LastUpgradeCheck = 1010;
				ORGANIZATIONNAME = chensx;
				TargetAttributes = {
					CD03335E2227E10F0081B439 = {
						CreatedOnToolsVersion = 10.1;
					};
					CD0333762227E1140081B439 = {
						CreatedOnToolsVersion = 10.1;
						TestTargetID = CD03335E2227E10F0081B439;
					};
					CD0333812227E1140081B439 = {
						CreatedOnToolsVersion = 10.1;
						TestTargetID = CD03335E2227E10F0081B439;
					};
				};
			};
			buildConfigurationList = CD03335A2227E10F0081B439 /* Build configuration list for PBXProject "Texture" */;
			compatibilityVersion = "Xcode 9.3";
			developmentRegion = en;
			hasScannedForEncodings = 0;
			knownRegions = (
				en,
				Base,
			);
			mainGroup = CD0333562227E10F0081B439;
			productRefGroup = CD0333602227E10F0081B439 /* Products */;
			projectDirPath = "";
			projectRoot = "";
			targets = (
				CD03335E2227E10F0081B439 /* Texture */,
				CD0333762227E1140081B439 /* TextureTests */,
				CD0333812227E1140081B439 /* TextureUITests */,
			);
		};
/* End PBXProject section */

/* Begin PBXResourcesBuildPhase section */
		CD03335D2227E10F0081B439 /* Resources */ = {
			isa = PBXResourcesBuildPhase;
			buildActionMask = 2147483647;
			files = (
				2B08CC5222321DAD007C8E18 /* container2.png in Resources */,
				2B08CC5822321DAE007C8E18 /* back.jpg in Resources */,
				2B08CC4622321DAD007C8E18 /* metal.png in Resources */,
				2B08CC08223216C0007C8E18 /* 4.1.texture.vs in Resources */,
				2B08CC5922321DAE007C8E18 /* right.jpg in Resources */,
				2B08CC4522321DAD007C8E18 /* container.jpg in Resources */,
				2B08CC4B22321DAD007C8E18 /* brickwall.jpg in Resources */,
				2B0CCF5C22360A2A0091595E /* 4.2.texture.vs in Resources */,
				CD03336F2227E1140081B439 /* LaunchScreen.storyboard in Resources */,
				2B0CCF6F22379FD60091595E /* for_test.jpg in Resources */,
				CD03336C2227E1140081B439 /* Assets.xcassets in Resources */,
				2B0CCF7C2237C1210091595E /* 6.2.coordinate_systems.vs in Resources */,
				2B0CCF7B2237C1210091595E /* 6.2.coordinate_systems.fs in Resources */,
				2B08CC4F22321DAD007C8E18 /* brickwall_normal.jpg in Resources */,
				2B08CC4D22321DAD007C8E18 /* wood.png in Resources */,
				2B08CC5722321DAE007C8E18 /* top.jpg in Resources */,
				CD03336A2227E10F0081B439 /* Main.storyboard in Resources */,
				2B08CC4722321DAD007C8E18 /* toy_box_disp.png in Resources */,
				2B08CC4922321DAD007C8E18 /* newport_loft.hdr in Resources */,
				2B08CC4E22321DAD007C8E18 /* matrix.jpg in Resources */,
				2B0CCF772237ACF20091595E /* 6.1.coordinate_systems.vs in Resources */,
				2B08CC5422321DAD007C8E18 /* awesomeface.png in Resources */,
				2B08CC5622321DAD007C8E18 /* left.jpg in Resources */,
				2B08CC5B22321DAE007C8E18 /* bricks2.jpg in Resources */,
				2B08CC5C22321DAE007C8E18 /* marble.jpg in Resources */,
				2B08CC5522321DAD007C8E18 /* bottom.jpg in Resources */,
				2B0CCF5B22360A2A0091595E /* 4.2.texture.fs in Resources */,
				2B08CC5122321DAD007C8E18 /* grass.png in Resources */,
				2B08CC5022321DAD007C8E18 /* bricks2_normal.jpg in Resources */,
				2B08CC5D22321DAE007C8E18 /* toy_box_diffuse.png in Resources */,
				2B08CC07223216C0007C8E18 /* 4.1.texture.fs in Resources */,
				2B08CC4822321DAD007C8E18 /* container2_specular.png in Resources */,
				2B08CC5A22321DAE007C8E18 /* front.jpg in Resources */,
				2B0CCF64223635400091595E /* timg.jpeg in Resources */,
				2B0CCF6922363E220091595E /* 5.1.transform.fs in Resources */,
				2B08CC5322321DAD007C8E18 /* window.png in Resources */,
				2B0CCF6822363E220091595E /* 5.1.transform.vs in Resources */,
				2B08CC4C22321DAD007C8E18 /* toy_box_normal.png in Resources */,
				2B08CC4A22321DAD007C8E18 /* bricks2_disp.jpg in Resources */,
				2B0CCF762237ACF20091595E /* 6.1.coordinate_systems.fs in Resources */,
			);
			runOnlyForDeploymentPostprocessing = 0;
		};
		CD0333752227E1140081B439 /* Resources */ = {
			isa = PBXResourcesBuildPhase;
			buildActionMask = 2147483647;
			files = (
			);
			runOnlyForDeploymentPostprocessing = 0;
		};
		CD0333802227E1140081B439 /* Resources */ = {
			isa = PBXResourcesBuildPhase;
			buildActionMask = 2147483647;
			files = (
			);
			runOnlyForDeploymentPostprocessing = 0;
		};
/* End PBXResourcesBuildPhase section */

/* Begin PBXSourcesBuildPhase section */
		CD03335B2227E10F0081B439 /* Sources */ = {
			isa = PBXSourcesBuildPhase;
			buildActionMask = 2147483647;
			files = (
				CD0333672227E10F0081B439 /* ViewController.mm in Sources */,
				2B08CA012232041D007C8E18 /* Shader.cpp in Sources */,
				CD0333AF2227E45C0081B439 /* TexturesView.mm in Sources */,
				CD0333722227E1140081B439 /* main.m in Sources */,
				CD03339C2227E1450081B439 /* FileWrapper.cpp in Sources */,
				2B0CCF7E2237C13D0091595E /* coordinate_systems_depth.cpp in Sources */,
				2B08CC8122325640007C8E18 /* stb_image.cpp in Sources */,
				CD0333642227E10F0081B439 /* AppDelegate.mm in Sources */,
				CD03339A2227E1450081B439 /* esUtil.cpp in Sources */,
			);
			runOnlyForDeploymentPostprocessing = 0;
		};
		CD0333732227E1140081B439 /* Sources */ = {
			isa = PBXSourcesBuildPhase;
			buildActionMask = 2147483647;
			files = (
				CD03337C2227E1140081B439 /* TextureTests.m in Sources */,
			);
			runOnlyForDeploymentPostprocessing = 0;
		};
		CD03337E2227E1140081B439 /* Sources */ = {
			isa = PBXSourcesBuildPhase;
			buildActionMask = 2147483647;
			files = (
				CD0333872227E1140081B439 /* TextureUITests.m in Sources */,
			);
			runOnlyForDeploymentPostprocessing = 0;
		};
/* End PBXSourcesBuildPhase section */

/* Begin PBXTargetDependency section */
		CD0333792227E1140081B439 /* PBXTargetDependency */ = {
			isa = PBXTargetDependency;
			target = CD03335E2227E10F0081B439 /* Texture */;
			targetProxy = CD0333782227E1140081B439 /* PBXContainerItemProxy */;
		};
		CD0333842227E1140081B439 /* PBXTargetDependency */ = {
			isa = PBXTargetDependency;
			target = CD03335E2227E10F0081B439 /* Texture */;
			targetProxy = CD0333832227E1140081B439 /* PBXContainerItemProxy */;
		};
/* End PBXTargetDependency section */

/* Begin PBXVariantGroup section */
		CD0333682227E10F0081B439 /* Main.storyboard */ = {
			isa = PBXVariantGroup;
			children = (
				CD0333692227E10F0081B439 /* Base */,
			);
			name = Main.storyboard;
			sourceTree = "<group>";
		};
		CD03336D2227E1140081B439 /* LaunchScreen.storyboard */ = {
			isa = PBXVariantGroup;
			children = (
				CD03336E2227E1140081B439 /* Base */,
			);
			name = LaunchScreen.storyboard;
			sourceTree = "<group>";
		};
/* End PBXVariantGroup section */

/* Begin XCBuildConfiguration section */
		CD0333892227E1140081B439 /* Debug */ = {
			isa = XCBuildConfiguration;
			buildSettings = {
				ALWAYS_SEARCH_USER_PATHS = NO;
				CLANG_ANALYZER_NONNULL = YES;
				CLANG_ANALYZER_NUMBER_OBJECT_CONVERSION = YES_AGGRESSIVE;
				CLANG_CXX_LANGUAGE_STANDARD = "gnu++14";
				CLANG_CXX_LIBRARY = "libc++";
				CLANG_ENABLE_MODULES = YES;
				CLANG_ENABLE_OBJC_ARC = YES;
				CLANG_ENABLE_OBJC_WEAK = YES;
				CLANG_WARN_BLOCK_CAPTURE_AUTORELEASING = YES;
				CLANG_WARN_BOOL_CONVERSION = YES;
				CLANG_WARN_COMMA = YES;
				CLANG_WARN_CONSTANT_CONVERSION = YES;
				CLANG_WARN_DEPRECATED_OBJC_IMPLEMENTATIONS = YES;
				CLANG_WARN_DIRECT_OBJC_ISA_USAGE = YES_ERROR;
				CLANG_WARN_DOCUMENTATION_COMMENTS = YES;
				CLANG_WARN_EMPTY_BODY = YES;
				CLANG_WARN_ENUM_CONVERSION = YES;
				CLANG_WARN_INFINITE_RECURSION = YES;
				CLANG_WARN_INT_CONVERSION = YES;
				CLANG_WARN_NON_LITERAL_NULL_CONVERSION = YES;
				CLANG_WARN_OBJC_IMPLICIT_RETAIN_SELF = YES;
				CLANG_WARN_OBJC_LITERAL_CONVERSION = YES;
				CLANG_WARN_OBJC_ROOT_CLASS = YES_ERROR;
				CLANG_WARN_RANGE_LOOP_ANALYSIS = YES;
				CLANG_WARN_STRICT_PROTOTYPES = YES;
				CLANG_WARN_SUSPICIOUS_MOVE = YES;
				CLANG_WARN_UNGUARDED_AVAILABILITY = YES_AGGRESSIVE;
				CLANG_WARN_UNREACHABLE_CODE = YES;
				CLANG_WARN__DUPLICATE_METHOD_MATCH = YES;
				CODE_SIGN_IDENTITY = "iPhone Developer";
				COPY_PHASE_STRIP = NO;
				DEBUG_INFORMATION_FORMAT = dwarf;
				ENABLE_STRICT_OBJC_MSGSEND = YES;
				ENABLE_TESTABILITY = YES;
				GCC_C_LANGUAGE_STANDARD = gnu11;
				GCC_DYNAMIC_NO_PIC = NO;
				GCC_NO_COMMON_BLOCKS = YES;
				GCC_OPTIMIZATION_LEVEL = 0;
				GCC_PREPROCESSOR_DEFINITIONS = (
					"DEBUG=1",
					"$(inherited)",
				);
				GCC_WARN_64_TO_32_BIT_CONVERSION = YES;
				GCC_WARN_ABOUT_RETURN_TYPE = YES_ERROR;
				GCC_WARN_UNDECLARED_SELECTOR = YES;
				GCC_WARN_UNINITIALIZED_AUTOS = YES_AGGRESSIVE;
				GCC_WARN_UNUSED_FUNCTION = YES;
				GCC_WARN_UNUSED_VARIABLE = YES;
				IPHONEOS_DEPLOYMENT_TARGET = 12.1;
				MTL_ENABLE_DEBUG_INFO = INCLUDE_SOURCE;
				MTL_FAST_MATH = YES;
				ONLY_ACTIVE_ARCH = YES;
				SDKROOT = iphoneos;
			};
			name = Debug;
		};
		CD03338A2227E1140081B439 /* Release */ = {
			isa = XCBuildConfiguration;
			buildSettings = {
				ALWAYS_SEARCH_USER_PATHS = NO;
				CLANG_ANALYZER_NONNULL = YES;
				CLANG_ANALYZER_NUMBER_OBJECT_CONVERSION = YES_AGGRESSIVE;
				CLANG_CXX_LANGUAGE_STANDARD = "gnu++14";
				CLANG_CXX_LIBRARY = "libc++";
				CLANG_ENABLE_MODULES = YES;
				CLANG_ENABLE_OBJC_ARC = YES;
				CLANG_ENABLE_OBJC_WEAK = YES;
				CLANG_WARN_BLOCK_CAPTURE_AUTORELEASING = YES;
				CLANG_WARN_BOOL_CONVERSION = YES;
				CLANG_WARN_COMMA = YES;
				CLANG_WARN_CONSTANT_CONVERSION = YES;
				CLANG_WARN_DEPRECATED_OBJC_IMPLEMENTATIONS = YES;
				CLANG_WARN_DIRECT_OBJC_ISA_USAGE = YES_ERROR;
				CLANG_WARN_DOCUMENTATION_COMMENTS = YES;
				CLANG_WARN_EMPTY_BODY = YES;
				CLANG_WARN_ENUM_CONVERSION = YES;
				CLANG_WARN_INFINITE_RECURSION = YES;
				CLANG_WARN_INT_CONVERSION = YES;
				CLANG_WARN_NON_LITERAL_NULL_CONVERSION = YES;
				CLANG_WARN_OBJC_IMPLICIT_RETAIN_SELF = YES;
				CLANG_WARN_OBJC_LITERAL_CONVERSION = YES;
				CLANG_WARN_OBJC_ROOT_CLASS = YES_ERROR;
				CLANG_WARN_RANGE_LOOP_ANALYSIS = YES;
				CLANG_WARN_STRICT_PROTOTYPES = YES;
				CLANG_WARN_SUSPICIOUS_MOVE = YES;
				CLANG_WARN_UNGUARDED_AVAILABILITY = YES_AGGRESSIVE;
				CLANG_WARN_UNREACHABLE_CODE = YES;
				CLANG_WARN__DUPLICATE_METHOD_MATCH = YES;
				CODE_SIGN_IDENTITY = "iPhone Developer";
				COPY_PHASE_STRIP = NO;
				DEBUG_INFORMATION_FORMAT = "dwarf-with-dsym";
				ENABLE_NS_ASSERTIONS = NO;
				ENABLE_STRICT_OBJC_MSGSEND = YES;
				GCC_C_LANGUAGE_STANDARD = gnu11;
				GCC_NO_COMMON_BLOCKS = YES;
				GCC_WARN_64_TO_32_BIT_CONVERSION = YES;
				GCC_WARN_ABOUT_RETURN_TYPE = YES_ERROR;
				GCC_WARN_UNDECLARED_SELECTOR = YES;
				GCC_WARN_UNINITIALIZED_AUTOS = YES_AGGRESSIVE;
				GCC_WARN_UNUSED_FUNCTION = YES;
				GCC_WARN_UNUSED_VARIABLE = YES;
				IPHONEOS_DEPLOYMENT_TARGET = 12.1;
				MTL_ENABLE_DEBUG_INFO = NO;
				MTL_FAST_MATH = YES;
				SDKROOT = iphoneos;
				VALIDATE_PRODUCT = YES;
			};
			name = Release;
		};
		CD03338C2227E1140081B439 /* Debug */ = {
			isa = XCBuildConfiguration;
			buildSettings = {
				ASSETCATALOG_COMPILER_APPICON_NAME = AppIcon;
				CODE_SIGN_STYLE = Automatic;
				DEVELOPMENT_TEAM = X83ZETG4A4;
				HEADER_SEARCH_PATHS = /usr/local/include;
				INFOPLIST_FILE = Texture/Info.plist;
				IPHONEOS_DEPLOYMENT_TARGET = 9.0;
				LD_RUNPATH_SEARCH_PATHS = (
					"$(inherited)",
					"@executable_path/Frameworks",
				);
				LIBRARY_SEARCH_PATHS = /usr/local/lib;
				PRODUCT_BUNDLE_IDENTIFIER = com.chensx.app.Texture;
				PRODUCT_NAME = "$(TARGET_NAME)";
				TARGETED_DEVICE_FAMILY = "1,2";
			};
			name = Debug;
		};
		CD03338D2227E1140081B439 /* Release */ = {
			isa = XCBuildConfiguration;
			buildSettings = {
				ASSETCATALOG_COMPILER_APPICON_NAME = AppIcon;
				CODE_SIGN_STYLE = Automatic;
				DEVELOPMENT_TEAM = X83ZETG4A4;
				HEADER_SEARCH_PATHS = /usr/local/include;
				INFOPLIST_FILE = Texture/Info.plist;
				IPHONEOS_DEPLOYMENT_TARGET = 9.0;
				LD_RUNPATH_SEARCH_PATHS = (
					"$(inherited)",
					"@executable_path/Frameworks",
				);
				LIBRARY_SEARCH_PATHS = /usr/local/lib;
				PRODUCT_BUNDLE_IDENTIFIER = com.chensx.app.Texture;
				PRODUCT_NAME = "$(TARGET_NAME)";
				TARGETED_DEVICE_FAMILY = "1,2";
			};
			name = Release;
		};
		CD03338F2227E1140081B439 /* Debug */ = {
			isa = XCBuildConfiguration;
			buildSettings = {
				BUNDLE_LOADER = "$(TEST_HOST)";
				CODE_SIGN_STYLE = Automatic;
				DEVELOPMENT_TEAM = X83ZETG4A4;
				INFOPLIST_FILE = TextureTests/Info.plist;
				LD_RUNPATH_SEARCH_PATHS = (
					"$(inherited)",
					"@executable_path/Frameworks",
					"@loader_path/Frameworks",
				);
				PRODUCT_BUNDLE_IDENTIFIER = com.chensx.app.TextureTests;
				PRODUCT_NAME = "$(TARGET_NAME)";
				TARGETED_DEVICE_FAMILY = "1,2";
				TEST_HOST = "$(BUILT_PRODUCTS_DIR)/Texture.app/Texture";
			};
			name = Debug;
		};
		CD0333902227E1140081B439 /* Release */ = {
			isa = XCBuildConfiguration;
			buildSettings = {
				BUNDLE_LOADER = "$(TEST_HOST)";
				CODE_SIGN_STYLE = Automatic;
				DEVELOPMENT_TEAM = X83ZETG4A4;
				INFOPLIST_FILE = TextureTests/Info.plist;
				LD_RUNPATH_SEARCH_PATHS = (
					"$(inherited)",
					"@executable_path/Frameworks",
					"@loader_path/Frameworks",
				);
				PRODUCT_BUNDLE_IDENTIFIER = com.chensx.app.TextureTests;
				PRODUCT_NAME = "$(TARGET_NAME)";
				TARGETED_DEVICE_FAMILY = "1,2";
				TEST_HOST = "$(BUILT_PRODUCTS_DIR)/Texture.app/Texture";
			};
			name = Release;
		};
		CD0333922227E1140081B439 /* Debug */ = {
			isa = XCBuildConfiguration;
			buildSettings = {
				CODE_SIGN_STYLE = Automatic;
				DEVELOPMENT_TEAM = X83ZETG4A4;
				INFOPLIST_FILE = TextureUITests/Info.plist;
				LD_RUNPATH_SEARCH_PATHS = (
					"$(inherited)",
					"@executable_path/Frameworks",
					"@loader_path/Frameworks",
				);
				PRODUCT_BUNDLE_IDENTIFIER = com.chensx.app.TextureUITests;
				PRODUCT_NAME = "$(TARGET_NAME)";
				TARGETED_DEVICE_FAMILY = "1,2";
				TEST_TARGET_NAME = Texture;
			};
			name = Debug;
		};
		CD0333932227E1140081B439 /* Release */ = {
			isa = XCBuildConfiguration;
			buildSettings = {
				CODE_SIGN_STYLE = Automatic;
				DEVELOPMENT_TEAM = X83ZETG4A4;
				INFOPLIST_FILE = TextureUITests/Info.plist;
				LD_RUNPATH_SEARCH_PATHS = (
					"$(inherited)",
					"@executable_path/Frameworks",
					"@loader_path/Frameworks",
				);
				PRODUCT_BUNDLE_IDENTIFIER = com.chensx.app.TextureUITests;
				PRODUCT_NAME = "$(TARGET_NAME)";
				TARGETED_DEVICE_FAMILY = "1,2";
				TEST_TARGET_NAME = Texture;
			};
			name = Release;
		};
/* End XCBuildConfiguration section */

/* Begin XCConfigurationList section */
		CD03335A2227E10F0081B439 /* Build configuration list for PBXProject "Texture" */ = {
			isa = XCConfigurationList;
			buildConfigurations = (
				CD0333892227E1140081B439 /* Debug */,
				CD03338A2227E1140081B439 /* Release */,
			);
			defaultConfigurationIsVisible = 0;
			defaultConfigurationName = Release;
		};
		CD03338B2227E1140081B439 /* Build configuration list for PBXNativeTarget "Texture" */ = {
			isa = XCConfigurationList;
			buildConfigurations = (
				CD03338C2227E1140081B439 /* Debug */,
				CD03338D2227E1140081B439 /* Release */,
			);
			defaultConfigurationIsVisible = 0;
			defaultConfigurationName = Release;
		};
		CD03338E2227E1140081B439 /* Build configuration list for PBXNativeTarget "TextureTests" */ = {
			isa = XCConfigurationList;
			buildConfigurations = (
				CD03338F2227E1140081B439 /* Debug */,
				CD0333902227E1140081B439 /* Release */,
			);
			defaultConfigurationIsVisible = 0;
			defaultConfigurationName = Release;
		};
		CD0333912227E1140081B439 /* Build configuration list for PBXNativeTarget "TextureUITests" */ = {
			isa = XCConfigurationList;
			buildConfigurations = (
				CD0333922227E1140081B439 /* Debug */,
				CD0333932227E1140081B439 /* Release */,
			);
			defaultConfigurationIsVisible = 0;
			defaultConfigurationName = Release;
		};
/* End XCConfigurationList section */
	};
	rootObject = CD0333572227E10F0081B439 /* Project object */;
}
